
Microsoft Visual Studio Solution File, Format Version 11.00
# Visual Studio 2010
Project("{FAE04EC0-301F-11D3-BF4B-00C04F79EFBC}") = "Assembly-CSharp-firstpass", "Assembly-CSharp-firstpass.csproj", "{b42e11ca-ae9b-7e3a-060a-d028592213fa}"
EndProject
Project("{FAE04EC0-301F-11D3-BF4B-00C04F79EFBC}") = "Assembly-CSharp-Editor-firstpass", "Assembly-CSharp-Editor-firstpass.csproj", "{60934d08-d75c-9ca1-d8b1-774acbcbfcb1}"
EndProject
Global
	GlobalSection(SolutionConfigurationPlatforms) = preSolution
		Debug|Any CPU = Debug|Any CPU
	EndGlobalSection
	GlobalSection(ProjectConfigurationPlatforms) = postSolution
		{b42e11ca-ae9b-7e3a-060a-d028592213fa}.Debug|Any CPU.ActiveCfg = Debug|Any CPU
		{b42e11ca-ae9b-7e3a-060a-d028592213fa}.Debug|Any CPU.Build.0 = Debug|Any CPU
		{60934d08-d75c-9ca1-d8b1-774acbcbfcb1}.Debug|Any CPU.ActiveCfg = Debug|Any CPU
		{60934d08-d75c-9ca1-d8b1-774acbcbfcb1}.Debug|Any CPU.Build.0 = Debug|Any CPU
	EndGlobalSection
	GlobalSection(SolutionProperties) = preSolution
		HideSolutionNode = FALSE
	EndGlobalSection
EndGlobal
